
Microsoft Visual Studio Solution File, Format Version 12.00
# Visual Studio Version 17
VisualStudioVersion = 17.5.33530.505
MinimumVisualStudioVersion = 10.0.40219.1
Project("{FAE04EC0-301F-11D3-BF4B-00C04F79EFBC}") = "CookiesProject", "CookiesProject.csproj", "{5698BD4A-CE47-4C08-86F6-14A314A9B22A}"
EndProject
Global
	GlobalSection(SolutionConfigurationPlatforms) = preSolution
		Debug|Any CPU = Debug|Any CPU
		Release|Any CPU = Release|Any CPU
	EndGlobalSection
	GlobalSection(ProjectConfigurationPlatforms) = postSolution
		{5698BD4A-CE47-4C08-86F6-14A314A9B22A}.Debug|Any CPU.ActiveCfg = Debug|Any CPU
		{5698BD4A-CE47-4C08-86F6-14A314A9B22A}.Debug|Any CPU.Build.0 = Debug|Any CPU
		{5698BD4A-CE47-4C08-86F6-14A314A9B22A}.Release|Any CPU.ActiveCfg = Release|Any CPU
		{5698BD4A-CE47-4C08-86F6-14A314A9B22A}.Release|Any CPU.Build.0 = Release|Any CPU
	EndGlobalSection
	GlobalSection(SolutionProperties) = preSolution
		HideSolutionNode = FALSE
	EndGlobalSection
	GlobalSection(ExtensibilityGlobals) = postSolution
		SolutionGuid = {3164B5DE-3602-4727-A0A2-3FE5BBADF782}
	EndGlobalSection
EndGlobal
